// !$*UTF8*$!
{
	archiveVersion = 1;
	classes = {
	};
	objectVersion = 50;
	objects = {

/* Begin PBXBuildFile section */
		4A09664EC1BB557BB60F9820 /* Pods_SCNetworkAPITests.framework in Frameworks */ = {isa = PBXBuildFile; fileRef = 3B6478AE3031BD6A60B78EDC /* Pods_SCNetworkAPITests.framework */; };
		B3EDDDC02177B0E000420FF2 /* SCNetworkAPI.framework in Frameworks */ = {isa = PBXBuildFile; fileRef = B3EDDDB62177B0E000420FF2 /* SCNetworkAPI.framework */; };
		B3EDDDD22177B0F400420FF2 /* SCNetworkAPI.swift in Sources */ = {isa = PBXBuildFile; fileRef = B3EDDDD12177B0F400420FF2 /* SCNetworkAPI.swift */; };
		B3EDDDDD217902C400420FF2 /* Request.swift in Sources */ = {isa = PBXBuildFile; fileRef = B3EDDDDC217902C400420FF2 /* Request.swift */; };
		B3EDDDDF217902E400420FF2 /* Notification.swift in Sources */ = {isa = PBXBuildFile; fileRef = B3EDDDDE217902E400420FF2 /* Notification.swift */; };
		B3EDDDE12179030300420FF2 /* PaginatedResult.swift in Sources */ = {isa = PBXBuildFile; fileRef = B3EDDDE02179030300420FF2 /* PaginatedResult.swift */; };
		B3EDDDE52179055800420FF2 /* README.md in Resources */ = {isa = PBXBuildFile; fileRef = B3EDDDE42179055800420FF2 /* README.md */; };
		B3EDDDE72179058A00420FF2 /* CHANGELOG.md in Resources */ = {isa = PBXBuildFile; fileRef = B3EDDDE62179058A00420FF2 /* CHANGELOG.md */; };
		B3EDDDF72179190C00420FF2 /* SCNetworkAPI.framework in Frameworks */ = {isa = PBXBuildFile; fileRef = B3EDDDEE2179190C00420FF2 /* SCNetworkAPI.framework */; };
		B3EDDDFE2179190C00420FF2 /* SCNetworkAPI.h in Headers */ = {isa = PBXBuildFile; fileRef = B3EDDDF02179190C00420FF2 /* SCNetworkAPI.h */; settings = {ATTRIBUTES = (Public, ); }; };
		B3EDDE0521791A0D00420FF2 /* SCNetworkAPI.h in Headers */ = {isa = PBXBuildFile; fileRef = B3EDDDF02179190C00420FF2 /* SCNetworkAPI.h */; settings = {ATTRIBUTES = (Public, ); }; };
		B3EDDE0A21791F3800420FF2 /* Request.swift in Sources */ = {isa = PBXBuildFile; fileRef = B3EDDDDC217902C400420FF2 /* Request.swift */; };
		B3EDDE0B21791F3A00420FF2 /* SCNetworkAPI.swift in Sources */ = {isa = PBXBuildFile; fileRef = B3EDDDD12177B0F400420FF2 /* SCNetworkAPI.swift */; };
		B3EDDE0C21791F3D00420FF2 /* PaginatedResult.swift in Sources */ = {isa = PBXBuildFile; fileRef = B3EDDDE02179030300420FF2 /* PaginatedResult.swift */; };
		B3EDDE0D21791F4000420FF2 /* Notification.swift in Sources */ = {isa = PBXBuildFile; fileRef = B3EDDDDE217902E400420FF2 /* Notification.swift */; };
		C357B4F7656489BDE28D2471 /* Pods_SCNetworkAPI.framework in Frameworks */ = {isa = PBXBuildFile; fileRef = 1B620FB764ACCACC6F5FE178 /* Pods_SCNetworkAPI.framework */; };
/* End PBXBuildFile section */

/* Begin PBXContainerItemProxy section */
		B3EDDDC12177B0E000420FF2 /* PBXContainerItemProxy */ = {
			isa = PBXContainerItemProxy;
			containerPortal = B3EDDDAD2177B0E000420FF2 /* Project object */;
			proxyType = 1;
			remoteGlobalIDString = B3EDDDB52177B0E000420FF2;
			remoteInfo = SCNetworkAPI;
		};
		B3EDDDF82179190C00420FF2 /* PBXContainerItemProxy */ = {
			isa = PBXContainerItemProxy;
			containerPortal = B3EDDDAD2177B0E000420FF2 /* Project object */;
			proxyType = 1;
			remoteGlobalIDString = B3EDDDED2179190C00420FF2;
			remoteInfo = SCNetworkAPIMobile;
		};
/* End PBXContainerItemProxy section */

/* Begin PBXFileReference section */
		1B620FB764ACCACC6F5FE178 /* Pods_SCNetworkAPI.framework */ = {isa = PBXFileReference; explicitFileType = wrapper.framework; includeInIndex = 0; path = Pods_SCNetworkAPI.framework; sourceTree = BUILT_PRODUCTS_DIR; };
		3B6478AE3031BD6A60B78EDC /* Pods_SCNetworkAPITests.framework */ = {isa = PBXFileReference; explicitFileType = wrapper.framework; includeInIndex = 0; path = Pods_SCNetworkAPITests.framework; sourceTree = BUILT_PRODUCTS_DIR; };
		765AD572F19520D66789C900 /* Pods-SCNetworkAPI.release.xcconfig */ = {isa = PBXFileReference; includeInIndex = 1; lastKnownFileType = text.xcconfig; name = "Pods-SCNetworkAPI.release.xcconfig"; path = "Pods/Target Support Files/Pods-SCNetworkAPI/Pods-SCNetworkAPI.release.xcconfig"; sourceTree = "<group>"; };
		8F161F1196D4CE88A3755992 /* Pods-SCNetworkAPITests.debug.xcconfig */ = {isa = PBXFileReference; includeInIndex = 1; lastKnownFileType = text.xcconfig; name = "Pods-SCNetworkAPITests.debug.xcconfig"; path = "Pods/Target Support Files/Pods-SCNetworkAPITests/Pods-SCNetworkAPITests.debug.xcconfig"; sourceTree = "<group>"; };
		A5C11D1E332862C7A6FF8D13 /* Pods-SCNetworkAPI.debug.xcconfig */ = {isa = PBXFileReference; includeInIndex = 1; lastKnownFileType = text.xcconfig; name = "Pods-SCNetworkAPI.debug.xcconfig"; path = "Pods/Target Support Files/Pods-SCNetworkAPI/Pods-SCNetworkAPI.debug.xcconfig"; sourceTree = "<group>"; };
		B3EDDDB62177B0E000420FF2 /* SCNetworkAPI.framework */ = {isa = PBXFileReference; explicitFileType = wrapper.framework; includeInIndex = 0; path = SCNetworkAPI.framework; sourceTree = BUILT_PRODUCTS_DIR; };
		B3EDDDBA2177B0E000420FF2 /* Info.plist */ = {isa = PBXFileReference; lastKnownFileType = text.plist.xml; path = Info.plist; sourceTree = "<group>"; };
		B3EDDDBF2177B0E000420FF2 /* SCNetworkAPITests.xctest */ = {isa = PBXFileReference; explicitFileType = wrapper.cfbundle; includeInIndex = 0; path = SCNetworkAPITests.xctest; sourceTree = BUILT_PRODUCTS_DIR; };
		B3EDDDD12177B0F400420FF2 /* SCNetworkAPI.swift */ = {isa = PBXFileReference; lastKnownFileType = sourcecode.swift; path = SCNetworkAPI.swift; sourceTree = "<group>"; };
		B3EDDDDC217902C400420FF2 /* Request.swift */ = {isa = PBXFileReference; lastKnownFileType = sourcecode.swift; path = Request.swift; sourceTree = "<group>"; };
		B3EDDDDE217902E400420FF2 /* Notification.swift */ = {isa = PBXFileReference; lastKnownFileType = sourcecode.swift; path = Notification.swift; sourceTree = "<group>"; };
		B3EDDDE02179030300420FF2 /* PaginatedResult.swift */ = {isa = PBXFileReference; lastKnownFileType = sourcecode.swift; path = PaginatedResult.swift; sourceTree = "<group>"; };
		B3EDDDE42179055800420FF2 /* README.md */ = {isa = PBXFileReference; fileEncoding = 4; lastKnownFileType = net.daringfireball.markdown; name = README.md; path = ../../../README.md; sourceTree = "<group>"; };
		B3EDDDE62179058A00420FF2 /* CHANGELOG.md */ = {isa = PBXFileReference; fileEncoding = 4; lastKnownFileType = net.daringfireball.markdown; name = CHANGELOG.md; path = ../../../CHANGELOG.md; sourceTree = "<group>"; };
		B3EDDDEE2179190C00420FF2 /* SCNetworkAPI.framework */ = {isa = PBXFileReference; explicitFileType = wrapper.framework; includeInIndex = 0; path = SCNetworkAPI.framework; sourceTree = BUILT_PRODUCTS_DIR; };
		B3EDDDF02179190C00420FF2 /* SCNetworkAPI.h */ = {isa = PBXFileReference; lastKnownFileType = sourcecode.c.h; path = SCNetworkAPI.h; sourceTree = "<group>"; };
		B3EDDDF62179190C00420FF2 /* SCNetworkAPIMobileTests.xctest */ = {isa = PBXFileReference; explicitFileType = wrapper.cfbundle; includeInIndex = 0; path = SCNetworkAPIMobileTests.xctest; sourceTree = BUILT_PRODUCTS_DIR; };
		FAB6400ADA1172F64D4FD59F /* Pods-SCNetworkAPITests.release.xcconfig */ = {isa = PBXFileReference; includeInIndex = 1; lastKnownFileType = text.xcconfig; name = "Pods-SCNetworkAPITests.release.xcconfig"; path = "Pods/Target Support Files/Pods-SCNetworkAPITests/Pods-SCNetworkAPITests.release.xcconfig"; sourceTree = "<group>"; };
/* End PBXFileReference section */

/* Begin PBXFrameworksBuildPhase section */
		B3EDDDB32177B0E000420FF2 /* Frameworks */ = {
			isa = PBXFrameworksBuildPhase;
			buildActionMask = 2147483647;
			files = (
				C357B4F7656489BDE28D2471 /* Pods_SCNetworkAPI.framework in Frameworks */,
			);
			runOnlyForDeploymentPostprocessing = 0;
		};
		B3EDDDBC2177B0E000420FF2 /* Frameworks */ = {
			isa = PBXFrameworksBuildPhase;
			buildActionMask = 2147483647;
			files = (
				B3EDDDC02177B0E000420FF2 /* SCNetworkAPI.framework in Frameworks */,
				4A09664EC1BB557BB60F9820 /* Pods_SCNetworkAPITests.framework in Frameworks */,
			);
			runOnlyForDeploymentPostprocessing = 0;
		};
		B3EDDDEB2179190C00420FF2 /* Frameworks */ = {
			isa = PBXFrameworksBuildPhase;
			buildActionMask = 2147483647;
			files = (
			);
			runOnlyForDeploymentPostprocessing = 0;
		};
		B3EDDDF32179190C00420FF2 /* Frameworks */ = {
			isa = PBXFrameworksBuildPhase;
			buildActionMask = 2147483647;
			files = (
				B3EDDDF72179190C00420FF2 /* SCNetworkAPI.framework in Frameworks */,
			);
			runOnlyForDeploymentPostprocessing = 0;
		};
/* End PBXFrameworksBuildPhase section */

/* Begin PBXGroup section */
		30A4E2EBB3317C3D247AA57E /* Frameworks */ = {
			isa = PBXGroup;
			children = (
				1B620FB764ACCACC6F5FE178 /* Pods_SCNetworkAPI.framework */,
				3B6478AE3031BD6A60B78EDC /* Pods_SCNetworkAPITests.framework */,
			);
			name = Frameworks;
			sourceTree = "<group>";
		};
		8CDA075BD961C3545D5FB0EA /* Pods */ = {
			isa = PBXGroup;
			children = (
				A5C11D1E332862C7A6FF8D13 /* Pods-SCNetworkAPI.debug.xcconfig */,
				765AD572F19520D66789C900 /* Pods-SCNetworkAPI.release.xcconfig */,
				8F161F1196D4CE88A3755992 /* Pods-SCNetworkAPITests.debug.xcconfig */,
				FAB6400ADA1172F64D4FD59F /* Pods-SCNetworkAPITests.release.xcconfig */,
			);
			name = Pods;
			sourceTree = "<group>";
		};
		B3EDDDAC2177B0E000420FF2 = {
			isa = PBXGroup;
			children = (
				B3EDDDB82177B0E000420FF2 /* SCNetworkAPI */,
				B3EDDDB72177B0E000420FF2 /* Products */,
				8CDA075BD961C3545D5FB0EA /* Pods */,
				30A4E2EBB3317C3D247AA57E /* Frameworks */,
			);
			sourceTree = "<group>";
		};
		B3EDDDB72177B0E000420FF2 /* Products */ = {
			isa = PBXGroup;
			children = (
				B3EDDDB62177B0E000420FF2 /* SCNetworkAPI.framework */,
				B3EDDDBF2177B0E000420FF2 /* SCNetworkAPITests.xctest */,
				B3EDDDEE2179190C00420FF2 /* SCNetworkAPI.framework */,
				B3EDDDF62179190C00420FF2 /* SCNetworkAPIMobileTests.xctest */,
			);
			name = Products;
			sourceTree = "<group>";
		};
		B3EDDDB82177B0E000420FF2 /* SCNetworkAPI */ = {
			isa = PBXGroup;
			children = (
				B3EDDDE22179053000420FF2 /* Supporting Files */,
				B3EDDDD02177B0E600420FF2 /* Source */,
				B3EDDDBA2177B0E000420FF2 /* Info.plist */,
				B3EDDDF02179190C00420FF2 /* SCNetworkAPI.h */,
			);
			path = SCNetworkAPI;
			sourceTree = "<group>";
		};
		B3EDDDD02177B0E600420FF2 /* Source */ = {
			isa = PBXGroup;
			children = (
				B3EDDDDE217902E400420FF2 /* Notification.swift */,
				B3EDDDE02179030300420FF2 /* PaginatedResult.swift */,
				B3EDDDDC217902C400420FF2 /* Request.swift */,
				B3EDDDD12177B0F400420FF2 /* SCNetworkAPI.swift */,
			);
			path = Source;
			sourceTree = "<group>";
		};
		B3EDDDE22179053000420FF2 /* Supporting Files */ = {
			isa = PBXGroup;
			children = (
				B3EDDDE62179058A00420FF2 /* CHANGELOG.md */,
				B3EDDDE42179055800420FF2 /* README.md */,
			);
			path = "Supporting Files";
			sourceTree = "<group>";
		};
/* End PBXGroup section */

/* Begin PBXHeadersBuildPhase section */
		B3EDDDB12177B0E000420FF2 /* Headers */ = {
			isa = PBXHeadersBuildPhase;
			buildActionMask = 2147483647;
			files = (
				B3EDDE0521791A0D00420FF2 /* SCNetworkAPI.h in Headers */,
			);
			runOnlyForDeploymentPostprocessing = 0;
		};
		B3EDDDE92179190C00420FF2 /* Headers */ = {
			isa = PBXHeadersBuildPhase;
			buildActionMask = 2147483647;
			files = (
				B3EDDDFE2179190C00420FF2 /* SCNetworkAPI.h in Headers */,
			);
			runOnlyForDeploymentPostprocessing = 0;
		};
/* End PBXHeadersBuildPhase section */

/* Begin PBXNativeTarget section */
		B3EDDDB52177B0E000420FF2 /* SCNetworkAPI */ = {
			isa = PBXNativeTarget;
			buildConfigurationList = B3EDDDCA2177B0E000420FF2 /* Build configuration list for PBXNativeTarget "SCNetworkAPI" */;
			buildPhases = (
				5E6F9641E5DA2D7A4E586D3D /* [CP] Check Pods Manifest.lock */,
				B3EDDDB12177B0E000420FF2 /* Headers */,
				B3EDDDB22177B0E000420FF2 /* Sources */,
				B3EDDDB32177B0E000420FF2 /* Frameworks */,
				B3EDDDB42177B0E000420FF2 /* Resources */,
			);
			buildRules = (
			);
			dependencies = (
			);
			name = SCNetworkAPI;
			productName = SCNetworkAPI;
			productReference = B3EDDDB62177B0E000420FF2 /* SCNetworkAPI.framework */;
			productType = "com.apple.product-type.framework";
		};
		B3EDDDBE2177B0E000420FF2 /* SCNetworkAPITests */ = {
			isa = PBXNativeTarget;
			buildConfigurationList = B3EDDDCD2177B0E000420FF2 /* Build configuration list for PBXNativeTarget "SCNetworkAPITests" */;
			buildPhases = (
				7BBED565FDFCC0431BD4A853 /* [CP] Check Pods Manifest.lock */,
				B3EDDDBB2177B0E000420FF2 /* Sources */,
				B3EDDDBC2177B0E000420FF2 /* Frameworks */,
				B3EDDDBD2177B0E000420FF2 /* Resources */,
			);
			buildRules = (
			);
			dependencies = (
				B3EDDDC22177B0E000420FF2 /* PBXTargetDependency */,
			);
			name = SCNetworkAPITests;
			productName = SCNetworkAPITests;
			productReference = B3EDDDBF2177B0E000420FF2 /* SCNetworkAPITests.xctest */;
			productType = "com.apple.product-type.bundle.unit-test";
		};
		B3EDDDED2179190C00420FF2 /* SCNetworkAPIMobile */ = {
			isa = PBXNativeTarget;
			buildConfigurationList = B3EDDE032179190C00420FF2 /* Build configuration list for PBXNativeTarget "SCNetworkAPIMobile" */;
			buildPhases = (
				B3EDDDE92179190C00420FF2 /* Headers */,
				B3EDDDEA2179190C00420FF2 /* Sources */,
				B3EDDDEB2179190C00420FF2 /* Frameworks */,
				B3EDDDEC2179190C00420FF2 /* Resources */,
			);
			buildRules = (
			);
			dependencies = (
			);
			name = SCNetworkAPIMobile;
			productName = SCNetworkAPIMobile;
			productReference = B3EDDDEE2179190C00420FF2 /* SCNetworkAPI.framework */;
			productType = "com.apple.product-type.framework";
		};
		B3EDDDF52179190C00420FF2 /* SCNetworkAPIMobileTests */ = {
			isa = PBXNativeTarget;
			buildConfigurationList = B3EDDE042179190C00420FF2 /* Build configuration list for PBXNativeTarget "SCNetworkAPIMobileTests" */;
			buildPhases = (
				B3EDDDF22179190C00420FF2 /* Sources */,
				B3EDDDF32179190C00420FF2 /* Frameworks */,
				B3EDDDF42179190C00420FF2 /* Resources */,
			);
			buildRules = (
			);
			dependencies = (
				B3EDDDF92179190C00420FF2 /* PBXTargetDependency */,
			);
			name = SCNetworkAPIMobileTests;
			productName = SCNetworkAPIMobileTests;
			productReference = B3EDDDF62179190C00420FF2 /* SCNetworkAPIMobileTests.xctest */;
			productType = "com.apple.product-type.bundle.unit-test";
		};
/* End PBXNativeTarget section */

/* Begin PBXProject section */
		B3EDDDAD2177B0E000420FF2 /* Project object */ = {
			isa = PBXProject;
			attributes = {
				LastSwiftUpdateCheck = 1000;
				LastUpgradeCheck = 1000;
				ORGANIZATIONNAME = steamclock;
				TargetAttributes = {
					B3EDDDB52177B0E000420FF2 = {
						CreatedOnToolsVersion = 10.0;
						LastSwiftMigration = 1000;
					};
					B3EDDDBE2177B0E000420FF2 = {
						CreatedOnToolsVersion = 10.0;
					};
					B3EDDDED2179190C00420FF2 = {
						CreatedOnToolsVersion = 10.0;
					};
					B3EDDDF52179190C00420FF2 = {
						CreatedOnToolsVersion = 10.0;
					};
				};
			};
			buildConfigurationList = B3EDDDB02177B0E000420FF2 /* Build configuration list for PBXProject "SCNetworkAPI" */;
			compatibilityVersion = "Xcode 9.3";
			developmentRegion = en;
			hasScannedForEncodings = 0;
			knownRegions = (
				en,
			);
			mainGroup = B3EDDDAC2177B0E000420FF2;
			productRefGroup = B3EDDDB72177B0E000420FF2 /* Products */;
			projectDirPath = "";
			projectRoot = "";
			targets = (
				B3EDDDB52177B0E000420FF2 /* SCNetworkAPI */,
				B3EDDDBE2177B0E000420FF2 /* SCNetworkAPITests */,
				B3EDDDED2179190C00420FF2 /* SCNetworkAPIMobile */,
				B3EDDDF52179190C00420FF2 /* SCNetworkAPIMobileTests */,
			);
		};
/* End PBXProject section */

/* Begin PBXResourcesBuildPhase section */
		B3EDDDB42177B0E000420FF2 /* Resources */ = {
			isa = PBXResourcesBuildPhase;
			buildActionMask = 2147483647;
			files = (
				B3EDDDE52179055800420FF2 /* README.md in Resources */,
				B3EDDDE72179058A00420FF2 /* CHANGELOG.md in Resources */,
			);
			runOnlyForDeploymentPostprocessing = 0;
		};
		B3EDDDBD2177B0E000420FF2 /* Resources */ = {
			isa = PBXResourcesBuildPhase;
			buildActionMask = 2147483647;
			files = (
			);
			runOnlyForDeploymentPostprocessing = 0;
		};
		B3EDDDEC2179190C00420FF2 /* Resources */ = {
			isa = PBXResourcesBuildPhase;
			buildActionMask = 2147483647;
			files = (
			);
			runOnlyForDeploymentPostprocessing = 0;
		};
		B3EDDDF42179190C00420FF2 /* Resources */ = {
			isa = PBXResourcesBuildPhase;
			buildActionMask = 2147483647;
			files = (
			);
			runOnlyForDeploymentPostprocessing = 0;
		};
/* End PBXResourcesBuildPhase section */

/* Begin PBXShellScriptBuildPhase section */
		5E6F9641E5DA2D7A4E586D3D /* [CP] Check Pods Manifest.lock */ = {
			isa = PBXShellScriptBuildPhase;
			buildActionMask = 2147483647;
			files = (
			);
			inputPaths = (
				"${PODS_PODFILE_DIR_PATH}/Podfile.lock",
				"${PODS_ROOT}/Manifest.lock",
			);
			name = "[CP] Check Pods Manifest.lock";
			outputPaths = (
				"$(DERIVED_FILE_DIR)/Pods-SCNetworkAPI-checkManifestLockResult.txt",
			);
			runOnlyForDeploymentPostprocessing = 0;
			shellPath = /bin/sh;
			shellScript = "diff \"${PODS_PODFILE_DIR_PATH}/Podfile.lock\" \"${PODS_ROOT}/Manifest.lock\" > /dev/null\nif [ $? != 0 ] ; then\n    # print error to STDERR\n    echo \"error: The sandbox is not in sync with the Podfile.lock. Run 'pod install' or update your CocoaPods installation.\" >&2\n    exit 1\nfi\n# This output is used by Xcode 'outputs' to avoid re-running this script phase.\necho \"SUCCESS\" > \"${SCRIPT_OUTPUT_FILE_0}\"\n";
			showEnvVarsInLog = 0;
		};
		7BBED565FDFCC0431BD4A853 /* [CP] Check Pods Manifest.lock */ = {
			isa = PBXShellScriptBuildPhase;
			buildActionMask = 2147483647;
			files = (
			);
			inputPaths = (
				"${PODS_PODFILE_DIR_PATH}/Podfile.lock",
				"${PODS_ROOT}/Manifest.lock",
			);
			name = "[CP] Check Pods Manifest.lock";
			outputPaths = (
				"$(DERIVED_FILE_DIR)/Pods-SCNetworkAPITests-checkManifestLockResult.txt",
			);
			runOnlyForDeploymentPostprocessing = 0;
			shellPath = /bin/sh;
			shellScript = "diff \"${PODS_PODFILE_DIR_PATH}/Podfile.lock\" \"${PODS_ROOT}/Manifest.lock\" > /dev/null\nif [ $? != 0 ] ; then\n    # print error to STDERR\n    echo \"error: The sandbox is not in sync with the Podfile.lock. Run 'pod install' or update your CocoaPods installation.\" >&2\n    exit 1\nfi\n# This output is used by Xcode 'outputs' to avoid re-running this script phase.\necho \"SUCCESS\" > \"${SCRIPT_OUTPUT_FILE_0}\"\n";
			showEnvVarsInLog = 0;
		};
/* End PBXShellScriptBuildPhase section */

/* Begin PBXSourcesBuildPhase section */
		B3EDDDB22177B0E000420FF2 /* Sources */ = {
			isa = PBXSourcesBuildPhase;
			buildActionMask = 2147483647;
			files = (
				B3EDDDE12179030300420FF2 /* PaginatedResult.swift in Sources */,
				B3EDDDD22177B0F400420FF2 /* SCNetworkAPI.swift in Sources */,
				B3EDDDDD217902C400420FF2 /* Request.swift in Sources */,
				B3EDDDDF217902E400420FF2 /* Notification.swift in Sources */,
			);
			runOnlyForDeploymentPostprocessing = 0;
		};
		B3EDDDBB2177B0E000420FF2 /* Sources */ = {
			isa = PBXSourcesBuildPhase;
			buildActionMask = 2147483647;
			files = (
			);
			runOnlyForDeploymentPostprocessing = 0;
		};
		B3EDDDEA2179190C00420FF2 /* Sources */ = {
			isa = PBXSourcesBuildPhase;
			buildActionMask = 2147483647;
			files = (
				B3EDDE0D21791F4000420FF2 /* Notification.swift in Sources */,
				B3EDDE0A21791F3800420FF2 /* Request.swift in Sources */,
				B3EDDE0B21791F3A00420FF2 /* SCNetworkAPI.swift in Sources */,
				B3EDDE0C21791F3D00420FF2 /* PaginatedResult.swift in Sources */,
			);
			runOnlyForDeploymentPostprocessing = 0;
		};
		B3EDDDF22179190C00420FF2 /* Sources */ = {
			isa = PBXSourcesBuildPhase;
			buildActionMask = 2147483647;
			files = (
			);
			runOnlyForDeploymentPostprocessing = 0;
		};
/* End PBXSourcesBuildPhase section */

/* Begin PBXTargetDependency section */
		B3EDDDC22177B0E000420FF2 /* PBXTargetDependency */ = {
			isa = PBXTargetDependency;
			target = B3EDDDB52177B0E000420FF2 /* SCNetworkAPI */;
			targetProxy = B3EDDDC12177B0E000420FF2 /* PBXContainerItemProxy */;
		};
		B3EDDDF92179190C00420FF2 /* PBXTargetDependency */ = {
			isa = PBXTargetDependency;
			target = B3EDDDED2179190C00420FF2 /* SCNetworkAPIMobile */;
			targetProxy = B3EDDDF82179190C00420FF2 /* PBXContainerItemProxy */;
		};
/* End PBXTargetDependency section */

/* Begin XCBuildConfiguration section */
		B3EDDDC82177B0E000420FF2 /* Debug */ = {
			isa = XCBuildConfiguration;
			buildSettings = {
				ALWAYS_SEARCH_USER_PATHS = NO;
				CLANG_ANALYZER_NONNULL = YES;
				CLANG_ANALYZER_NUMBER_OBJECT_CONVERSION = YES_AGGRESSIVE;
				CLANG_CXX_LANGUAGE_STANDARD = "gnu++14";
				CLANG_CXX_LIBRARY = "libc++";
				CLANG_ENABLE_MODULES = YES;
				CLANG_ENABLE_OBJC_ARC = YES;
				CLANG_ENABLE_OBJC_WEAK = YES;
				CLANG_WARN_BLOCK_CAPTURE_AUTORELEASING = YES;
				CLANG_WARN_BOOL_CONVERSION = YES;
				CLANG_WARN_COMMA = YES;
				CLANG_WARN_CONSTANT_CONVERSION = YES;
				CLANG_WARN_DEPRECATED_OBJC_IMPLEMENTATIONS = YES;
				CLANG_WARN_DIRECT_OBJC_ISA_USAGE = YES_ERROR;
				CLANG_WARN_DOCUMENTATION_COMMENTS = YES;
				CLANG_WARN_EMPTY_BODY = YES;
				CLANG_WARN_ENUM_CONVERSION = YES;
				CLANG_WARN_INFINITE_RECURSION = YES;
				CLANG_WARN_INT_CONVERSION = YES;
				CLANG_WARN_NON_LITERAL_NULL_CONVERSION = YES;
				CLANG_WARN_OBJC_IMPLICIT_RETAIN_SELF = YES;
				CLANG_WARN_OBJC_LITERAL_CONVERSION = YES;
				CLANG_WARN_OBJC_ROOT_CLASS = YES_ERROR;
				CLANG_WARN_RANGE_LOOP_ANALYSIS = YES;
				CLANG_WARN_STRICT_PROTOTYPES = YES;
				CLANG_WARN_SUSPICIOUS_MOVE = YES;
				CLANG_WARN_UNGUARDED_AVAILABILITY = YES_AGGRESSIVE;
				CLANG_WARN_UNREACHABLE_CODE = YES;
				CLANG_WARN__DUPLICATE_METHOD_MATCH = YES;
				CODE_SIGN_IDENTITY = "Mac Developer";
				COPY_PHASE_STRIP = NO;
				CURRENT_PROJECT_VERSION = 1;
				DEBUG_INFORMATION_FORMAT = dwarf;
				ENABLE_STRICT_OBJC_MSGSEND = YES;
				ENABLE_TESTABILITY = YES;
				GCC_C_LANGUAGE_STANDARD = gnu11;
				GCC_DYNAMIC_NO_PIC = NO;
				GCC_NO_COMMON_BLOCKS = YES;
				GCC_OPTIMIZATION_LEVEL = 0;
				GCC_PREPROCESSOR_DEFINITIONS = (
					"DEBUG=1",
					"$(inherited)",
				);
				GCC_WARN_64_TO_32_BIT_CONVERSION = YES;
				GCC_WARN_ABOUT_RETURN_TYPE = YES_ERROR;
				GCC_WARN_UNDECLARED_SELECTOR = YES;
				GCC_WARN_UNINITIALIZED_AUTOS = YES_AGGRESSIVE;
				GCC_WARN_UNUSED_FUNCTION = YES;
				GCC_WARN_UNUSED_VARIABLE = YES;
				IPHONEOS_DEPLOYMENT_TARGET = 10.0;
				MACOSX_DEPLOYMENT_TARGET = 10.12;
				MTL_ENABLE_DEBUG_INFO = INCLUDE_SOURCE;
				MTL_FAST_MATH = YES;
				ONLY_ACTIVE_ARCH = YES;
				SDKROOT = macosx;
				SWIFT_ACTIVE_COMPILATION_CONDITIONS = DEBUG;
				SWIFT_OPTIMIZATION_LEVEL = "-Onone";
				VERSIONING_SYSTEM = "apple-generic";
				VERSION_INFO_PREFIX = "";
			};
			name = Debug;
		};
		B3EDDDC92177B0E000420FF2 /* Release */ = {
			isa = XCBuildConfiguration;
			buildSettings = {
				ALWAYS_SEARCH_USER_PATHS = NO;
				CLANG_ANALYZER_NONNULL = YES;
				CLANG_ANALYZER_NUMBER_OBJECT_CONVERSION = YES_AGGRESSIVE;
				CLANG_CXX_LANGUAGE_STANDARD = "gnu++14";
				CLANG_CXX_LIBRARY = "libc++";
				CLANG_ENABLE_MODULES = YES;
				CLANG_ENABLE_OBJC_ARC = YES;
				CLANG_ENABLE_OBJC_WEAK = YES;
				CLANG_WARN_BLOCK_CAPTURE_AUTORELEASING = YES;
				CLANG_WARN_BOOL_CONVERSION = YES;
				CLANG_WARN_COMMA = YES;
				CLANG_WARN_CONSTANT_CONVERSION = YES;
				CLANG_WARN_DEPRECATED_OBJC_IMPLEMENTATIONS = YES;
				CLANG_WARN_DIRECT_OBJC_ISA_USAGE = YES_ERROR;
				CLANG_WARN_DOCUMENTATION_COMMENTS = YES;
				CLANG_WARN_EMPTY_BODY = YES;
				CLANG_WARN_ENUM_CONVERSION = YES;
				CLANG_WARN_INFINITE_RECURSION = YES;
				CLANG_WARN_INT_CONVERSION = YES;
				CLANG_WARN_NON_LITERAL_NULL_CONVERSION = YES;
				CLANG_WARN_OBJC_IMPLICIT_RETAIN_SELF = YES;
				CLANG_WARN_OBJC_LITERAL_CONVERSION = YES;
				CLANG_WARN_OBJC_ROOT_CLASS = YES_ERROR;
				CLANG_WARN_RANGE_LOOP_ANALYSIS = YES;
				CLANG_WARN_STRICT_PROTOTYPES = YES;
				CLANG_WARN_SUSPICIOUS_MOVE = YES;
				CLANG_WARN_UNGUARDED_AVAILABILITY = YES_AGGRESSIVE;
				CLANG_WARN_UNREACHABLE_CODE = YES;
				CLANG_WARN__DUPLICATE_METHOD_MATCH = YES;
				CODE_SIGN_IDENTITY = "Mac Developer";
				COPY_PHASE_STRIP = NO;
				CURRENT_PROJECT_VERSION = 1;
				DEBUG_INFORMATION_FORMAT = "dwarf-with-dsym";
				ENABLE_NS_ASSERTIONS = NO;
				ENABLE_STRICT_OBJC_MSGSEND = YES;
				GCC_C_LANGUAGE_STANDARD = gnu11;
				GCC_NO_COMMON_BLOCKS = YES;
				GCC_WARN_64_TO_32_BIT_CONVERSION = YES;
				GCC_WARN_ABOUT_RETURN_TYPE = YES_ERROR;
				GCC_WARN_UNDECLARED_SELECTOR = YES;
				GCC_WARN_UNINITIALIZED_AUTOS = YES_AGGRESSIVE;
				GCC_WARN_UNUSED_FUNCTION = YES;
				GCC_WARN_UNUSED_VARIABLE = YES;
				IPHONEOS_DEPLOYMENT_TARGET = 10.0;
				MACOSX_DEPLOYMENT_TARGET = 10.12;
				MTL_ENABLE_DEBUG_INFO = NO;
				MTL_FAST_MATH = YES;
				SDKROOT = macosx;
				SWIFT_COMPILATION_MODE = wholemodule;
				SWIFT_OPTIMIZATION_LEVEL = "-O";
				VERSIONING_SYSTEM = "apple-generic";
				VERSION_INFO_PREFIX = "";
			};
			name = Release;
		};
		B3EDDDCB2177B0E000420FF2 /* Debug */ = {
			isa = XCBuildConfiguration;
			baseConfigurationReference = A5C11D1E332862C7A6FF8D13 /* Pods-SCNetworkAPI.debug.xcconfig */;
			buildSettings = {
				CLANG_ENABLE_MODULES = YES;
				CODE_SIGN_IDENTITY = "";
				CODE_SIGN_STYLE = Automatic;
				COMBINE_HIDPI_IMAGES = YES;
				DEFINES_MODULE = YES;
				DEVELOPMENT_TEAM = GH868RP95T;
				DYLIB_COMPATIBILITY_VERSION = 1;
				DYLIB_CURRENT_VERSION = 1;
				DYLIB_INSTALL_NAME_BASE = "@rpath";
				FRAMEWORK_VERSION = A;
				INFOPLIST_FILE = SCNetworkAPI/Info.plist;
				INSTALL_PATH = "$(LOCAL_LIBRARY_DIR)/Frameworks";
				LD_RUNPATH_SEARCH_PATHS = (
					"$(inherited)",
					"@executable_path/../Frameworks",
					"@loader_path/Frameworks",
				);
				MACOSX_DEPLOYMENT_TARGET = 10.12;
				PRODUCT_BUNDLE_IDENTIFIER = com.steamclock.SCNetworkAPI;
				PRODUCT_NAME = "$(TARGET_NAME:c99extidentifier)";
				SKIP_INSTALL = YES;
				SWIFT_OPTIMIZATION_LEVEL = "-Onone";
				SWIFT_VERSION = 4.2;
			};
			name = Debug;
		};
		B3EDDDCC2177B0E000420FF2 /* Release */ = {
			isa = XCBuildConfiguration;
			baseConfigurationReference = 765AD572F19520D66789C900 /* Pods-SCNetworkAPI.release.xcconfig */;
			buildSettings = {
				CLANG_ENABLE_MODULES = YES;
				CODE_SIGN_IDENTITY = "";
				CODE_SIGN_STYLE = Automatic;
				COMBINE_HIDPI_IMAGES = YES;
				DEFINES_MODULE = YES;
				DEVELOPMENT_TEAM = GH868RP95T;
				DYLIB_COMPATIBILITY_VERSION = 1;
				DYLIB_CURRENT_VERSION = 1;
				DYLIB_INSTALL_NAME_BASE = "@rpath";
				FRAMEWORK_VERSION = A;
				INFOPLIST_FILE = SCNetworkAPI/Info.plist;
				INSTALL_PATH = "$(LOCAL_LIBRARY_DIR)/Frameworks";
				LD_RUNPATH_SEARCH_PATHS = (
					"$(inherited)",
					"@executable_path/../Frameworks",
					"@loader_path/Frameworks",
				);
				MACOSX_DEPLOYMENT_TARGET = 10.12;
				PRODUCT_BUNDLE_IDENTIFIER = com.steamclock.SCNetworkAPI;
				PRODUCT_NAME = "$(TARGET_NAME:c99extidentifier)";
				SKIP_INSTALL = YES;
				SWIFT_VERSION = 4.2;
			};
			name = Release;
		};
		B3EDDDCE2177B0E000420FF2 /* Debug */ = {
			isa = XCBuildConfiguration;
			baseConfigurationReference = 8F161F1196D4CE88A3755992 /* Pods-SCNetworkAPITests.debug.xcconfig */;
			buildSettings = {
				ALWAYS_EMBED_SWIFT_STANDARD_LIBRARIES = YES;
				CODE_SIGN_STYLE = Automatic;
				COMBINE_HIDPI_IMAGES = YES;
				DEVELOPMENT_TEAM = GH868RP95T;
				INFOPLIST_FILE = SCNetworkAPITests/Info.plist;
				LD_RUNPATH_SEARCH_PATHS = (
					"$(inherited)",
					"@executable_path/../Frameworks",
					"@loader_path/../Frameworks",
				);
				PRODUCT_BUNDLE_IDENTIFIER = com.steamclock.SCNetworkAPITests;
				PRODUCT_NAME = "$(TARGET_NAME)";
				SWIFT_VERSION = 4.2;
			};
			name = Debug;
		};
		B3EDDDCF2177B0E000420FF2 /* Release */ = {
			isa = XCBuildConfiguration;
			baseConfigurationReference = FAB6400ADA1172F64D4FD59F /* Pods-SCNetworkAPITests.release.xcconfig */;
			buildSettings = {
				ALWAYS_EMBED_SWIFT_STANDARD_LIBRARIES = YES;
				CODE_SIGN_STYLE = Automatic;
				COMBINE_HIDPI_IMAGES = YES;
				DEVELOPMENT_TEAM = GH868RP95T;
				INFOPLIST_FILE = SCNetworkAPITests/Info.plist;
				LD_RUNPATH_SEARCH_PATHS = (
					"$(inherited)",
					"@executable_path/../Frameworks",
					"@loader_path/../Frameworks",
				);
				PRODUCT_BUNDLE_IDENTIFIER = com.steamclock.SCNetworkAPITests;
				PRODUCT_NAME = "$(TARGET_NAME)";
				SWIFT_VERSION = 4.2;
			};
			name = Release;
		};
		B3EDDDFF2179190C00420FF2 /* Debug */ = {
			isa = XCBuildConfiguration;
			buildSettings = {
				CODE_SIGN_IDENTITY = "";
				CODE_SIGN_STYLE = Automatic;
				COMBINE_HIDPI_IMAGES = YES;
				DEFINES_MODULE = YES;
				DEVELOPMENT_TEAM = GH868RP95T;
				DYLIB_COMPATIBILITY_VERSION = 1;
				DYLIB_CURRENT_VERSION = 1;
				DYLIB_INSTALL_NAME_BASE = "@rpath";
				FRAMEWORK_VERSION = A;
				INFOPLIST_FILE = SCNetworkAPI/Info.plist;
				INSTALL_PATH = "$(LOCAL_LIBRARY_DIR)/Frameworks";
				IPHONEOS_DEPLOYMENT_TARGET = 10.0;
				LD_RUNPATH_SEARCH_PATHS = (
					"$(inherited)",
					"@executable_path/../Frameworks",
					"@loader_path/Frameworks",
				);
				PRODUCT_BUNDLE_IDENTIFIER = com.steamclock.SCNetworkAPIMobile;
				PRODUCT_NAME = SCNetworkAPI;
				SDKROOT = iphoneos;
				SKIP_INSTALL = YES;
				SUPPORTED_PLATFORMS = "iphonesimulator iphoneos";
				SWIFT_VERSION = 4.2;
			};
			name = Debug;
		};
		B3EDDE002179190C00420FF2 /* Release */ = {
			isa = XCBuildConfiguration;
			buildSettings = {
				CODE_SIGN_IDENTITY = "";
				CODE_SIGN_STYLE = Automatic;
				COMBINE_HIDPI_IMAGES = YES;
				DEFINES_MODULE = YES;
				DEVELOPMENT_TEAM = GH868RP95T;
				DYLIB_COMPATIBILITY_VERSION = 1;
				DYLIB_CURRENT_VERSION = 1;
				DYLIB_INSTALL_NAME_BASE = "@rpath";
				FRAMEWORK_VERSION = A;
				INFOPLIST_FILE = SCNetworkAPI/Info.plist;
				INSTALL_PATH = "$(LOCAL_LIBRARY_DIR)/Frameworks";
				IPHONEOS_DEPLOYMENT_TARGET = 10.0;
				LD_RUNPATH_SEARCH_PATHS = (
					"$(inherited)",
					"@executable_path/../Frameworks",
					"@loader_path/Frameworks",
				);
				PRODUCT_BUNDLE_IDENTIFIER = com.steamclock.SCNetworkAPIMobile;
				PRODUCT_NAME = SCNetworkAPI;
				SDKROOT = iphoneos;
				SKIP_INSTALL = YES;
				SUPPORTED_PLATFORMS = "iphonesimulator iphoneos";
				SWIFT_VERSION = 4.2;
			};
			name = Release;
		};
		B3EDDE012179190C00420FF2 /* Debug */ = {
			isa = XCBuildConfiguration;
			buildSettings = {
				ALWAYS_EMBED_SWIFT_STANDARD_LIBRARIES = YES;
				CODE_SIGN_STYLE = Automatic;
				COMBINE_HIDPI_IMAGES = YES;
				DEVELOPMENT_TEAM = GH868RP95T;
				INFOPLIST_FILE = SCNetworkAPIMobileTests/Info.plist;
				LD_RUNPATH_SEARCH_PATHS = (
					"$(inherited)",
					"@executable_path/../Frameworks",
					"@loader_path/../Frameworks",
				);
				PRODUCT_BUNDLE_IDENTIFIER = com.steamclock.SCNetworkAPIMobileTests;
				PRODUCT_NAME = "$(TARGET_NAME)";
				SWIFT_VERSION = 4.2;
			};
			name = Debug;
		};
		B3EDDE022179190C00420FF2 /* Release */ = {
			isa = XCBuildConfiguration;
			buildSettings = {
				ALWAYS_EMBED_SWIFT_STANDARD_LIBRARIES = YES;
				CODE_SIGN_STYLE = Automatic;
				COMBINE_HIDPI_IMAGES = YES;
				DEVELOPMENT_TEAM = GH868RP95T;
				INFOPLIST_FILE = SCNetworkAPIMobileTests/Info.plist;
				LD_RUNPATH_SEARCH_PATHS = (
					"$(inherited)",
					"@executable_path/../Frameworks",
					"@loader_path/../Frameworks",
				);
				PRODUCT_BUNDLE_IDENTIFIER = com.steamclock.SCNetworkAPIMobileTests;
				PRODUCT_NAME = "$(TARGET_NAME)";
				SWIFT_VERSION = 4.2;
			};
			name = Release;
		};
/* End XCBuildConfiguration section */

/* Begin XCConfigurationList section */
		B3EDDDB02177B0E000420FF2 /* Build configuration list for PBXProject "SCNetworkAPI" */ = {
			isa = XCConfigurationList;
			buildConfigurations = (
				B3EDDDC82177B0E000420FF2 /* Debug */,
				B3EDDDC92177B0E000420FF2 /* Release */,
			);
			defaultConfigurationIsVisible = 0;
			defaultConfigurationName = Release;
		};
		B3EDDDCA2177B0E000420FF2 /* Build configuration list for PBXNativeTarget "SCNetworkAPI" */ = {
			isa = XCConfigurationList;
			buildConfigurations = (
				B3EDDDCB2177B0E000420FF2 /* Debug */,
				B3EDDDCC2177B0E000420FF2 /* Release */,
			);
			defaultConfigurationIsVisible = 0;
			defaultConfigurationName = Release;
		};
		B3EDDDCD2177B0E000420FF2 /* Build configuration list for PBXNativeTarget "SCNetworkAPITests" */ = {
			isa = XCConfigurationList;
			buildConfigurations = (
				B3EDDDCE2177B0E000420FF2 /* Debug */,
				B3EDDDCF2177B0E000420FF2 /* Release */,
			);
			defaultConfigurationIsVisible = 0;
			defaultConfigurationName = Release;
		};
		B3EDDE032179190C00420FF2 /* Build configuration list for PBXNativeTarget "SCNetworkAPIMobile" */ = {
			isa = XCConfigurationList;
			buildConfigurations = (
				B3EDDDFF2179190C00420FF2 /* Debug */,
				B3EDDE002179190C00420FF2 /* Release */,
			);
			defaultConfigurationIsVisible = 0;
			defaultConfigurationName = Release;
		};
		B3EDDE042179190C00420FF2 /* Build configuration list for PBXNativeTarget "SCNetworkAPIMobileTests" */ = {
			isa = XCConfigurationList;
			buildConfigurations = (
				B3EDDE012179190C00420FF2 /* Debug */,
				B3EDDE022179190C00420FF2 /* Release */,
			);
			defaultConfigurationIsVisible = 0;
			defaultConfigurationName = Release;
		};
/* End XCConfigurationList section */
	};
	rootObject = B3EDDDAD2177B0E000420FF2 /* Project object */;
}
